
Microsoft Visual Studio Solution File, Format Version 12.00
# Visual Studio 2012
Project("{FAE04EC0-301F-11D3-BF4B-00C04F79EFBC}") = "CoffeeSharp", "CoffeeSharp\CoffeeSharp.csproj", "{B269FEBD-F9CE-4C90-B26C-C2C42F3BE375}"
EndProject
Project("{F2A71F9B-5D33-465A-A702-920D77279786}") = "Coffee", "Coffee\Coffee.fsproj", "{D294906B-DE5D-43CB-B88F-8799F2096730}"
EndProject
Project("{FAE04EC0-301F-11D3-BF4B-00C04F79EFBC}") = "CoffeeScriptHttpHandler", "CoffeeScriptHttpHandler\CoffeeScriptHttpHandler.csproj", "{0D219FEA-7A7D-4CAD-B284-A5AB350E0552}"
EndProject
Project("{FAE04EC0-301F-11D3-BF4B-00C04F79EFBC}") = "MvcSample", "MvcSample\MvcSample.csproj", "{41DF51C2-57CA-42DC-AD62-819C15468F4A}"
EndProject
Project("{2150E333-8FDC-42A3-9474-1A3956D46DE8}") = "tools", "tools", "{2A6E4B2C-B698-486A-BFFA-5C673DD96612}"
	ProjectSection(SolutionItems) = preProject
		CommonAssemblyInfo.cs = CommonAssemblyInfo.cs
		..\create_nuget_package.ps1 = ..\create_nuget_package.ps1
		..\tools\NuGet.exe = ..\tools\NuGet.exe
		web.config.transform = web.config.transform
	EndProjectSection
EndProject
Project("{FAE04EC0-301F-11D3-BF4B-00C04F79EFBC}") = "CoffeeSharpMvc", "CoffeeSharpMvc\CoffeeSharpMvc.csproj", "{2027F394-087A-4EA8-B12C-3693FE22941E}"
EndProject
Global
	GlobalSection(SolutionConfigurationPlatforms) = preSolution
		Debug|Any CPU = Debug|Any CPU
		Release|Any CPU = Release|Any CPU
	EndGlobalSection
	GlobalSection(ProjectConfigurationPlatforms) = postSolution
		{B269FEBD-F9CE-4C90-B26C-C2C42F3BE375}.Debug|Any CPU.ActiveCfg = Debug|Any CPU
		{B269FEBD-F9CE-4C90-B26C-C2C42F3BE375}.Debug|Any CPU.Build.0 = Debug|Any CPU
		{B269FEBD-F9CE-4C90-B26C-C2C42F3BE375}.Release|Any CPU.ActiveCfg = Release|Any CPU
		{B269FEBD-F9CE-4C90-B26C-C2C42F3BE375}.Release|Any CPU.Build.0 = Release|Any CPU
		{D294906B-DE5D-43CB-B88F-8799F2096730}.Debug|Any CPU.ActiveCfg = Debug|Any CPU
		{D294906B-DE5D-43CB-B88F-8799F2096730}.Debug|Any CPU.Build.0 = Debug|Any CPU
		{D294906B-DE5D-43CB-B88F-8799F2096730}.Release|Any CPU.ActiveCfg = Release|Any CPU
		{D294906B-DE5D-43CB-B88F-8799F2096730}.Release|Any CPU.Build.0 = Release|Any CPU
		{0D219FEA-7A7D-4CAD-B284-A5AB350E0552}.Debug|Any CPU.ActiveCfg = Debug|Any CPU
		{0D219FEA-7A7D-4CAD-B284-A5AB350E0552}.Debug|Any CPU.Build.0 = Debug|Any CPU
		{0D219FEA-7A7D-4CAD-B284-A5AB350E0552}.Release|Any CPU.ActiveCfg = Release|Any CPU
		{0D219FEA-7A7D-4CAD-B284-A5AB350E0552}.Release|Any CPU.Build.0 = Release|Any CPU
		{41DF51C2-57CA-42DC-AD62-819C15468F4A}.Debug|Any CPU.ActiveCfg = Debug|Any CPU
		{41DF51C2-57CA-42DC-AD62-819C15468F4A}.Debug|Any CPU.Build.0 = Debug|Any CPU
		{41DF51C2-57CA-42DC-AD62-819C15468F4A}.Release|Any CPU.ActiveCfg = Release|Any CPU
		{41DF51C2-57CA-42DC-AD62-819C15468F4A}.Release|Any CPU.Build.0 = Release|Any CPU
		{2027F394-087A-4EA8-B12C-3693FE22941E}.Debug|Any CPU.ActiveCfg = Debug|Any CPU
		{2027F394-087A-4EA8-B12C-3693FE22941E}.Debug|Any CPU.Build.0 = Debug|Any CPU
		{2027F394-087A-4EA8-B12C-3693FE22941E}.Release|Any CPU.ActiveCfg = Release|Any CPU
		{2027F394-087A-4EA8-B12C-3693FE22941E}.Release|Any CPU.Build.0 = Release|Any CPU
	EndGlobalSection
	GlobalSection(SolutionProperties) = preSolution
		HideSolutionNode = FALSE
	EndGlobalSection
EndGlobal
